
Microsoft Visual Studio Solution File, Format Version 12.00
# Visual Studio Version 16
VisualStudioVersion = 16.0.32002.261
MinimumVisualStudioVersion = 10.0.40219.1
Project("{FAE04EC0-301F-11D3-BF4B-00C04F79EFBC}") = "Insurance-backend-API", "Insurance-backend-API\Insurance-backend-API.csproj", "{6F158AC9-0DA5-42BF-9FF9-78FED93D7C96}"
EndProject
Global
	GlobalSection(SolutionConfigurationPlatforms) = preSolution
		Debug|Any CPU = Debug|Any CPU
		Release|Any CPU = Release|Any CPU
	EndGlobalSection
	GlobalSection(ProjectConfigurationPlatforms) = postSolution
		{6F158AC9-0DA5-42BF-9FF9-78FED93D7C96}.Debug|Any CPU.ActiveCfg = Debug|Any CPU
		{6F158AC9-0DA5-42BF-9FF9-78FED93D7C96}.Debug|Any CPU.Build.0 = Debug|Any CPU
		{6F158AC9-0DA5-42BF-9FF9-78FED93D7C96}.Release|Any CPU.ActiveCfg = Release|Any CPU
		{6F158AC9-0DA5-42BF-9FF9-78FED93D7C96}.Release|Any CPU.Build.0 = Release|Any CPU
	EndGlobalSection
	GlobalSection(SolutionProperties) = preSolution
		HideSolutionNode = FALSE
	EndGlobalSection
	GlobalSection(ExtensibilityGlobals) = postSolution
		SolutionGuid = {46829F99-4288-48E2-8EE0-B0B2E0BF2DE4}
	EndGlobalSection
EndGlobal
