
Microsoft Visual Studio Solution File, Format Version 12.00
# Visual Studio Version 16
VisualStudioVersion = 16.0.32002.261
MinimumVisualStudioVersion = 10.0.40219.1
Project("{9A19103F-16F7-4668-BE54-9A1E7A4F7556}") = "backend", "backend\backend.csproj", "{D9D25727-9493-40A2-BC38-2EADA21B6B81}"
EndProject
Project("{9A19103F-16F7-4668-BE54-9A1E7A4F7556}") = "Client", "Client\Client.csproj", "{D5DD8A01-4DF4-4CF0-AA4E-0DAA35C2F9DF}"
EndProject
Global
	GlobalSection(SolutionConfigurationPlatforms) = preSolution
		Debug|Any CPU = Debug|Any CPU
		Release|Any CPU = Release|Any CPU
	EndGlobalSection
	GlobalSection(ProjectConfigurationPlatforms) = postSolution
		{D9D25727-9493-40A2-BC38-2EADA21B6B81}.Debug|Any CPU.ActiveCfg = Debug|Any CPU
		{D9D25727-9493-40A2-BC38-2EADA21B6B81}.Debug|Any CPU.Build.0 = Debug|Any CPU
		{D9D25727-9493-40A2-BC38-2EADA21B6B81}.Release|Any CPU.ActiveCfg = Release|Any CPU
		{D9D25727-9493-40A2-BC38-2EADA21B6B81}.Release|Any CPU.Build.0 = Release|Any CPU
		{D5DD8A01-4DF4-4CF0-AA4E-0DAA35C2F9DF}.Debug|Any CPU.ActiveCfg = Debug|Any CPU
		{D5DD8A01-4DF4-4CF0-AA4E-0DAA35C2F9DF}.Debug|Any CPU.Build.0 = Debug|Any CPU
		{D5DD8A01-4DF4-4CF0-AA4E-0DAA35C2F9DF}.Release|Any CPU.ActiveCfg = Release|Any CPU
		{D5DD8A01-4DF4-4CF0-AA4E-0DAA35C2F9DF}.Release|Any CPU.Build.0 = Release|Any CPU
	EndGlobalSection
	GlobalSection(SolutionProperties) = preSolution
		HideSolutionNode = FALSE
	EndGlobalSection
	GlobalSection(ExtensibilityGlobals) = postSolution
		SolutionGuid = {A6F6AED7-AD24-4E15-9628-30A83C7794FF}
	EndGlobalSection
EndGlobal
